
Microsoft Visual Studio Solution File, Format Version 12.00
# Visual Studio Version 17
VisualStudioVersion = 17.4.33205.214
MinimumVisualStudioVersion = 10.0.40219.1
Project("{FAE04EC0-301F-11D3-BF4B-00C04F79EFBC}") = "BER test", "BER test.csproj", "{6CC6B33B-BD2E-4DDC-ABBE-A06EC17D3BF8}"
EndProject
Global
	GlobalSection(SolutionConfigurationPlatforms) = preSolution
		Debug|Any CPU = Debug|Any CPU
		Release|Any CPU = Release|Any CPU
	EndGlobalSection
	GlobalSection(ProjectConfigurationPlatforms) = postSolution
		{6CC6B33B-BD2E-4DDC-ABBE-A06EC17D3BF8}.Debug|Any CPU.ActiveCfg = Debug|Any CPU
		{6CC6B33B-BD2E-4DDC-ABBE-A06EC17D3BF8}.Debug|Any CPU.Build.0 = Debug|Any CPU
		{6CC6B33B-BD2E-4DDC-ABBE-A06EC17D3BF8}.Release|Any CPU.ActiveCfg = Release|Any CPU
		{6CC6B33B-BD2E-4DDC-ABBE-A06EC17D3BF8}.Release|Any CPU.Build.0 = Release|Any CPU
	EndGlobalSection
	GlobalSection(SolutionProperties) = preSolution
		HideSolutionNode = FALSE
	EndGlobalSection
	GlobalSection(ExtensibilityGlobals) = postSolution
		SolutionGuid = {C44CFCC8-EDBE-499A-AA62-51B05F8D77F7}
	EndGlobalSection
EndGlobal
